// !$*UTF8*$!
{
	archiveVersion = 1;
	classes = {
	};
	objectVersion = 51;
	objects = {

/* Begin PBXBuildFile section */
		4B528DEEE2F42696499464FF /* Pods_Stock_Note.framework in Frameworks */ = {isa = PBXBuildFile; fileRef = AFA5E745B966FFBFB6EB9A07 /* Pods_Stock_Note.framework */; };
		BC8D386B25306AF8001FC4C8 /* AppDelegate.swift in Sources */ = {isa = PBXBuildFile; fileRef = BC8D386A25306AF8001FC4C8 /* AppDelegate.swift */; };
		BC8D386D25306AF8001FC4C8 /* SceneDelegate.swift in Sources */ = {isa = PBXBuildFile; fileRef = BC8D386C25306AF8001FC4C8 /* SceneDelegate.swift */; };
		BC8D386F25306AF8001FC4C8 /* ViewController.swift in Sources */ = {isa = PBXBuildFile; fileRef = BC8D386E25306AF8001FC4C8 /* ViewController.swift */; };
		BC8D387225306AF8001FC4C8 /* Main.storyboard in Resources */ = {isa = PBXBuildFile; fileRef = BC8D387025306AF8001FC4C8 /* Main.storyboard */; };
		BC8D387425306AFB001FC4C8 /* Assets.xcassets in Resources */ = {isa = PBXBuildFile; fileRef = BC8D387325306AFB001FC4C8 /* Assets.xcassets */; };
		BC8D387725306AFB001FC4C8 /* LaunchScreen.storyboard in Resources */ = {isa = PBXBuildFile; fileRef = BC8D387525306AFB001FC4C8 /* LaunchScreen.storyboard */; };
		BC8D38922530744B001FC4C8 /* Entry.swift in Sources */ = {isa = PBXBuildFile; fileRef = BC8D38912530744B001FC4C8 /* Entry.swift */; };
		BC8D3895253076D0001FC4C8 /* Stock.swift in Sources */ = {isa = PBXBuildFile; fileRef = BC8D3894253076D0001FC4C8 /* Stock.swift */; };
/* End PBXBuildFile section */

/* Begin PBXFileReference section */
		6788DF8DF133D50CF7EA2A23 /* Pods-Stock Note.release.xcconfig */ = {isa = PBXFileReference; includeInIndex = 1; lastKnownFileType = text.xcconfig; name = "Pods-Stock Note.release.xcconfig"; path = "Target Support Files/Pods-Stock Note/Pods-Stock Note.release.xcconfig"; sourceTree = "<group>"; };
		AFA5E745B966FFBFB6EB9A07 /* Pods_Stock_Note.framework */ = {isa = PBXFileReference; explicitFileType = wrapper.framework; includeInIndex = 0; path = Pods_Stock_Note.framework; sourceTree = BUILT_PRODUCTS_DIR; };
		BC8D386725306AF8001FC4C8 /* Stock Note.app */ = {isa = PBXFileReference; explicitFileType = wrapper.application; includeInIndex = 0; path = "Stock Note.app"; sourceTree = BUILT_PRODUCTS_DIR; };
		BC8D386A25306AF8001FC4C8 /* AppDelegate.swift */ = {isa = PBXFileReference; lastKnownFileType = sourcecode.swift; path = AppDelegate.swift; sourceTree = "<group>"; };
		BC8D386C25306AF8001FC4C8 /* SceneDelegate.swift */ = {isa = PBXFileReference; lastKnownFileType = sourcecode.swift; path = SceneDelegate.swift; sourceTree = "<group>"; };
		BC8D386E25306AF8001FC4C8 /* ViewController.swift */ = {isa = PBXFileReference; lastKnownFileType = sourcecode.swift; path = ViewController.swift; sourceTree = "<group>"; };
		BC8D387125306AF8001FC4C8 /* Base */ = {isa = PBXFileReference; lastKnownFileType = file.storyboard; name = Base; path = Base.lproj/Main.storyboard; sourceTree = "<group>"; };
		BC8D387325306AFB001FC4C8 /* Assets.xcassets */ = {isa = PBXFileReference; lastKnownFileType = folder.assetcatalog; path = Assets.xcassets; sourceTree = "<group>"; };
		BC8D387625306AFB001FC4C8 /* Base */ = {isa = PBXFileReference; lastKnownFileType = file.storyboard; name = Base; path = Base.lproj/LaunchScreen.storyboard; sourceTree = "<group>"; };
		BC8D387825306AFB001FC4C8 /* Info.plist */ = {isa = PBXFileReference; lastKnownFileType = text.plist.xml; path = Info.plist; sourceTree = "<group>"; };
		BC8D38912530744B001FC4C8 /* Entry.swift */ = {isa = PBXFileReference; lastKnownFileType = sourcecode.swift; path = Entry.swift; sourceTree = "<group>"; };
		BC8D3894253076D0001FC4C8 /* Stock.swift */ = {isa = PBXFileReference; lastKnownFileType = sourcecode.swift; path = Stock.swift; sourceTree = "<group>"; };
		F5C31E6ABC4522E06D6A3D58 /* Pods-Stock Note.debug.xcconfig */ = {isa = PBXFileReference; includeInIndex = 1; lastKnownFileType = text.xcconfig; name = "Pods-Stock Note.debug.xcconfig"; path = "Target Support Files/Pods-Stock Note/Pods-Stock Note.debug.xcconfig"; sourceTree = "<group>"; };
/* End PBXFileReference section */

/* Begin PBXFrameworksBuildPhase section */
		BC8D386425306AF8001FC4C8 /* Frameworks */ = {
			isa = PBXFrameworksBuildPhase;
			buildActionMask = 2147483647;
			files = (
				4B528DEEE2F42696499464FF /* Pods_Stock_Note.framework in Frameworks */,
			);
			runOnlyForDeploymentPostprocessing = 0;
		};
/* End PBXFrameworksBuildPhase section */

/* Begin PBXGroup section */
		75666570D7A9EFFE4A9F6A70 /* Frameworks */ = {
			isa = PBXGroup;
			children = (
				AFA5E745B966FFBFB6EB9A07 /* Pods_Stock_Note.framework */,
			);
			name = Frameworks;
			sourceTree = "<group>";
		};
		BC8D385E25306AF8001FC4C8 = {
			isa = PBXGroup;
			children = (
				BC8D386925306AF8001FC4C8 /* Stock Note */,
				BC8D386825306AF8001FC4C8 /* Products */,
				E065DCB69EE49600EB553E8F /* Pods */,
				75666570D7A9EFFE4A9F6A70 /* Frameworks */,
			);
			sourceTree = "<group>";
		};
		BC8D386825306AF8001FC4C8 /* Products */ = {
			isa = PBXGroup;
			children = (
				BC8D386725306AF8001FC4C8 /* Stock Note.app */,
			);
			name = Products;
			sourceTree = "<group>";
		};
		BC8D386925306AF8001FC4C8 /* Stock Note */ = {
			isa = PBXGroup;
			children = (
				BC8D386A25306AF8001FC4C8 /* AppDelegate.swift */,
				BC8D386C25306AF8001FC4C8 /* SceneDelegate.swift */,
				BC8D388625306CD4001FC4C8 /* Data Model */,
				BC8D388525306CC0001FC4C8 /* Views */,
				BC8D388325306CAB001FC4C8 /* Controllers */,
				BC8D387325306AFB001FC4C8 /* Assets.xcassets */,
				BC8D387525306AFB001FC4C8 /* LaunchScreen.storyboard */,
				BC8D387825306AFB001FC4C8 /* Info.plist */,
			);
			path = "Stock Note";
			sourceTree = "<group>";
		};
		BC8D388325306CAB001FC4C8 /* Controllers */ = {
			isa = PBXGroup;
			children = (
				BC8D386E25306AF8001FC4C8 /* ViewController.swift */,
			);
			path = Controllers;
			sourceTree = "<group>";
		};
		BC8D388525306CC0001FC4C8 /* Views */ = {
			isa = PBXGroup;
			children = (
				BC8D387025306AF8001FC4C8 /* Main.storyboard */,
			);
			path = Views;
			sourceTree = "<group>";
		};
		BC8D388625306CD4001FC4C8 /* Data Model */ = {
			isa = PBXGroup;
			children = (
				BC8D3894253076D0001FC4C8 /* Stock.swift */,
				BC8D38912530744B001FC4C8 /* Entry.swift */,
			);
			path = "Data Model";
			sourceTree = "<group>";
		};
		E065DCB69EE49600EB553E8F /* Pods */ = {
			isa = PBXGroup;
			children = (
				F5C31E6ABC4522E06D6A3D58 /* Pods-Stock Note.debug.xcconfig */,
				6788DF8DF133D50CF7EA2A23 /* Pods-Stock Note.release.xcconfig */,
			);
			path = Pods;
			sourceTree = "<group>";
		};
/* End PBXGroup section */

/* Begin PBXNativeTarget section */
		BC8D386625306AF8001FC4C8 /* Stock Note */ = {
			isa = PBXNativeTarget;
			buildConfigurationList = BC8D387B25306AFB001FC4C8 /* Build configuration list for PBXNativeTarget "Stock Note" */;
			buildPhases = (
				26E6FD89D0CD7C2D125AE982 /* [CP] Check Pods Manifest.lock */,
				BC8D386325306AF8001FC4C8 /* Sources */,
				BC8D386425306AF8001FC4C8 /* Frameworks */,
				BC8D386525306AF8001FC4C8 /* Resources */,
				DE3C48DCE4C7FBEF6D1EEAF2 /* [CP] Embed Pods Frameworks */,
			);
			buildRules = (
			);
			dependencies = (
			);
			name = "Stock Note";
			productName = "Stock Note";
			productReference = BC8D386725306AF8001FC4C8 /* Stock Note.app */;
			productType = "com.apple.product-type.application";
		};
/* End PBXNativeTarget section */

/* Begin PBXProject section */
		BC8D385F25306AF8001FC4C8 /* Project object */ = {
			isa = PBXProject;
			attributes = {
				LastSwiftUpdateCheck = 1200;
				LastUpgradeCheck = 1200;
				TargetAttributes = {
					BC8D386625306AF8001FC4C8 = {
						CreatedOnToolsVersion = 12.0.1;
					};
				};
			};
			buildConfigurationList = BC8D386225306AF8001FC4C8 /* Build configuration list for PBXProject "Stock Note" */;
			compatibilityVersion = "Xcode 9.3";
			developmentRegion = en;
			hasScannedForEncodings = 0;
			knownRegions = (
				en,
				Base,
			);
			mainGroup = BC8D385E25306AF8001FC4C8;
			productRefGroup = BC8D386825306AF8001FC4C8 /* Products */;
			projectDirPath = "";
			projectRoot = "";
			targets = (
				BC8D386625306AF8001FC4C8 /* Stock Note */,
			);
		};
/* End PBXProject section */

/* Begin PBXResourcesBuildPhase section */
		BC8D386525306AF8001FC4C8 /* Resources */ = {
			isa = PBXResourcesBuildPhase;
			buildActionMask = 2147483647;
			files = (
				BC8D387725306AFB001FC4C8 /* LaunchScreen.storyboard in Resources */,
				BC8D387425306AFB001FC4C8 /* Assets.xcassets in Resources */,
				BC8D387225306AF8001FC4C8 /* Main.storyboard in Resources */,
			);
			runOnlyForDeploymentPostprocessing = 0;
		};
/* End PBXResourcesBuildPhase section */

/* Begin PBXShellScriptBuildPhase section */
		26E6FD89D0CD7C2D125AE982 /* [CP] Check Pods Manifest.lock */ = {
			isa = PBXShellScriptBuildPhase;
			buildActionMask = 2147483647;
			files = (
			);
			inputFileListPaths = (
			);
			inputPaths = (
				"${PODS_PODFILE_DIR_PATH}/Podfile.lock",
				"${PODS_ROOT}/Manifest.lock",
			);
			name = "[CP] Check Pods Manifest.lock";
			outputFileListPaths = (
			);
			outputPaths = (
				"$(DERIVED_FILE_DIR)/Pods-Stock Note-checkManifestLockResult.txt",
			);
			runOnlyForDeploymentPostprocessing = 0;
			shellPath = /bin/sh;
			shellScript = "diff \"${PODS_PODFILE_DIR_PATH}/Podfile.lock\" \"${PODS_ROOT}/Manifest.lock\" > /dev/null\nif [ $? != 0 ] ; then\n    # print error to STDERR\n    echo \"error: The sandbox is not in sync with the Podfile.lock. Run 'pod install' or update your CocoaPods installation.\" >&2\n    exit 1\nfi\n# This output is used by Xcode 'outputs' to avoid re-running this script phase.\necho \"SUCCESS\" > \"${SCRIPT_OUTPUT_FILE_0}\"\n";
			showEnvVarsInLog = 0;
		};
		DE3C48DCE4C7FBEF6D1EEAF2 /* [CP] Embed Pods Frameworks */ = {
			isa = PBXShellScriptBuildPhase;
			buildActionMask = 2147483647;
			files = (
			);
			inputFileListPaths = (
				"${PODS_ROOT}/Target Support Files/Pods-Stock Note/Pods-Stock Note-frameworks-${CONFIGURATION}-input-files.xcfilelist",
			);
			name = "[CP] Embed Pods Frameworks";
			outputFileListPaths = (
				"${PODS_ROOT}/Target Support Files/Pods-Stock Note/Pods-Stock Note-frameworks-${CONFIGURATION}-output-files.xcfilelist",
			);
			runOnlyForDeploymentPostprocessing = 0;
			shellPath = /bin/sh;
			shellScript = "\"${PODS_ROOT}/Target Support Files/Pods-Stock Note/Pods-Stock Note-frameworks.sh\"\n";
			showEnvVarsInLog = 0;
		};
/* End PBXShellScriptBuildPhase section */

/* Begin PBXSourcesBuildPhase section */
		BC8D386325306AF8001FC4C8 /* Sources */ = {
			isa = PBXSourcesBuildPhase;
			buildActionMask = 2147483647;
			files = (
				BC8D38922530744B001FC4C8 /* Entry.swift in Sources */,
				BC8D386F25306AF8001FC4C8 /* ViewController.swift in Sources */,
				BC8D386B25306AF8001FC4C8 /* AppDelegate.swift in Sources */,
				BC8D3895253076D0001FC4C8 /* Stock.swift in Sources */,
				BC8D386D25306AF8001FC4C8 /* SceneDelegate.swift in Sources */,
			);
			runOnlyForDeploymentPostprocessing = 0;
		};
/* End PBXSourcesBuildPhase section */

/* Begin PBXVariantGroup section */
		BC8D387025306AF8001FC4C8 /* Main.storyboard */ = {
			isa = PBXVariantGroup;
			children = (
				BC8D387125306AF8001FC4C8 /* Base */,
			);
			name = Main.storyboard;
			sourceTree = "<group>";
		};
		BC8D387525306AFB001FC4C8 /* LaunchScreen.storyboard */ = {
			isa = PBXVariantGroup;
			children = (
				BC8D387625306AFB001FC4C8 /* Base */,
			);
			name = LaunchScreen.storyboard;
			sourceTree = "<group>";
		};
/* End PBXVariantGroup section */

/* Begin XCBuildConfiguration section */
		BC8D387925306AFB001FC4C8 /* Debug */ = {
			isa = XCBuildConfiguration;
			buildSettings = {
				ALWAYS_SEARCH_USER_PATHS = NO;
				CLANG_ANALYZER_NONNULL = YES;
				CLANG_ANALYZER_NUMBER_OBJECT_CONVERSION = YES_AGGRESSIVE;
				CLANG_CXX_LANGUAGE_STANDARD = "gnu++14";
				CLANG_CXX_LIBRARY = "libc++";
				CLANG_ENABLE_MODULES = YES;
				CLANG_ENABLE_OBJC_ARC = YES;
				CLANG_ENABLE_OBJC_WEAK = YES;
				CLANG_WARN_BLOCK_CAPTURE_AUTORELEASING = YES;
				CLANG_WARN_BOOL_CONVERSION = YES;
				CLANG_WARN_COMMA = YES;
				CLANG_WARN_CONSTANT_CONVERSION = YES;
				CLANG_WARN_DEPRECATED_OBJC_IMPLEMENTATIONS = YES;
				CLANG_WARN_DIRECT_OBJC_ISA_USAGE = YES_ERROR;
				CLANG_WARN_DOCUMENTATION_COMMENTS = YES;
				CLANG_WARN_EMPTY_BODY = YES;
				CLANG_WARN_ENUM_CONVERSION = YES;
				CLANG_WARN_INFINITE_RECURSION = YES;
				CLANG_WARN_INT_CONVERSION = YES;
				CLANG_WARN_NON_LITERAL_NULL_CONVERSION = YES;
				CLANG_WARN_OBJC_IMPLICIT_RETAIN_SELF = YES;
				CLANG_WARN_OBJC_LITERAL_CONVERSION = YES;
				CLANG_WARN_OBJC_ROOT_CLASS = YES_ERROR;
				CLANG_WARN_QUOTED_INCLUDE_IN_FRAMEWORK_HEADER = YES;
				CLANG_WARN_RANGE_LOOP_ANALYSIS = YES;
				CLANG_WARN_STRICT_PROTOTYPES = YES;
				CLANG_WARN_SUSPICIOUS_MOVE = YES;
				CLANG_WARN_UNGUARDED_AVAILABILITY = YES_AGGRESSIVE;
				CLANG_WARN_UNREACHABLE_CODE = YES;
				CLANG_WARN__DUPLICATE_METHOD_MATCH = YES;
				COPY_PHASE_STRIP = NO;
				DEBUG_INFORMATION_FORMAT = dwarf;
				ENABLE_STRICT_OBJC_MSGSEND = YES;
				ENABLE_TESTABILITY = YES;
				GCC_C_LANGUAGE_STANDARD = gnu11;
				GCC_DYNAMIC_NO_PIC = NO;
				GCC_NO_COMMON_BLOCKS = YES;
				GCC_OPTIMIZATION_LEVEL = 0;
				GCC_PREPROCESSOR_DEFINITIONS = (
					"DEBUG=1",
					"$(inherited)",
				);
				GCC_WARN_64_TO_32_BIT_CONVERSION = YES;
				GCC_WARN_ABOUT_RETURN_TYPE = YES_ERROR;
				GCC_WARN_UNDECLARED_SELECTOR = YES;
				GCC_WARN_UNINITIALIZED_AUTOS = YES_AGGRESSIVE;
				GCC_WARN_UNUSED_FUNCTION = YES;
				GCC_WARN_UNUSED_VARIABLE = YES;
				IPHONEOS_DEPLOYMENT_TARGET = 14.0;
				MTL_ENABLE_DEBUG_INFO = INCLUDE_SOURCE;
				MTL_FAST_MATH = YES;
				ONLY_ACTIVE_ARCH = YES;
				SDKROOT = iphoneos;
				SWIFT_ACTIVE_COMPILATION_CONDITIONS = DEBUG;
				SWIFT_OPTIMIZATION_LEVEL = "-Onone";
			};
			name = Debug;
		};
		BC8D387A25306AFB001FC4C8 /* Release */ = {
			isa = XCBuildConfiguration;
			buildSettings = {
				ALWAYS_SEARCH_USER_PATHS = NO;
				CLANG_ANALYZER_NONNULL = YES;
				CLANG_ANALYZER_NUMBER_OBJECT_CONVERSION = YES_AGGRESSIVE;
				CLANG_CXX_LANGUAGE_STANDARD = "gnu++14";
				CLANG_CXX_LIBRARY = "libc++";
				CLANG_ENABLE_MODULES = YES;
				CLANG_ENABLE_OBJC_ARC = YES;
				CLANG_ENABLE_OBJC_WEAK = YES;
				CLANG_WARN_BLOCK_CAPTURE_AUTORELEASING = YES;
				CLANG_WARN_BOOL_CONVERSION = YES;
				CLANG_WARN_COMMA = YES;
				CLANG_WARN_CONSTANT_CONVERSION = YES;
				CLANG_WARN_DEPRECATED_OBJC_IMPLEMENTATIONS = YES;
				CLANG_WARN_DIRECT_OBJC_ISA_USAGE = YES_ERROR;
				CLANG_WARN_DOCUMENTATION_COMMENTS = YES;
				CLANG_WARN_EMPTY_BODY = YES;
				CLANG_WARN_ENUM_CONVERSION = YES;
				CLANG_WARN_INFINITE_RECURSION = YES;
				CLANG_WARN_INT_CONVERSION = YES;
				CLANG_WARN_NON_LITERAL_NULL_CONVERSION = YES;
				CLANG_WARN_OBJC_IMPLICIT_RETAIN_SELF = YES;
				CLANG_WARN_OBJC_LITERAL_CONVERSION = YES;
				CLANG_WARN_OBJC_ROOT_CLASS = YES_ERROR;
				CLANG_WARN_QUOTED_INCLUDE_IN_FRAMEWORK_HEADER = YES;
				CLANG_WARN_RANGE_LOOP_ANALYSIS = YES;
				CLANG_WARN_STRICT_PROTOTYPES = YES;
				CLANG_WARN_SUSPICIOUS_MOVE = YES;
				CLANG_WARN_UNGUARDED_AVAILABILITY = YES_AGGRESSIVE;
				CLANG_WARN_UNREACHABLE_CODE = YES;
				CLANG_WARN__DUPLICATE_METHOD_MATCH = YES;
				COPY_PHASE_STRIP = NO;
				DEBUG_INFORMATION_FORMAT = "dwarf-with-dsym";
				ENABLE_NS_ASSERTIONS = NO;
				ENABLE_STRICT_OBJC_MSGSEND = YES;
				GCC_C_LANGUAGE_STANDARD = gnu11;
				GCC_NO_COMMON_BLOCKS = YES;
				GCC_WARN_64_TO_32_BIT_CONVERSION = YES;
				GCC_WARN_ABOUT_RETURN_TYPE = YES_ERROR;
				GCC_WARN_UNDECLARED_SELECTOR = YES;
				GCC_WARN_UNINITIALIZED_AUTOS = YES_AGGRESSIVE;
				GCC_WARN_UNUSED_FUNCTION = YES;
				GCC_WARN_UNUSED_VARIABLE = YES;
				IPHONEOS_DEPLOYMENT_TARGET = 14.0;
				MTL_ENABLE_DEBUG_INFO = NO;
				MTL_FAST_MATH = YES;
				SDKROOT = iphoneos;
				SWIFT_COMPILATION_MODE = wholemodule;
				SWIFT_OPTIMIZATION_LEVEL = "-O";
				VALIDATE_PRODUCT = YES;
			};
			name = Release;
		};
		BC8D387C25306AFB001FC4C8 /* Debug */ = {
			isa = XCBuildConfiguration;
			baseConfigurationReference = F5C31E6ABC4522E06D6A3D58 /* Pods-Stock Note.debug.xcconfig */;
			buildSettings = {
				ASSETCATALOG_COMPILER_APPICON_NAME = AppIcon;
				ASSETCATALOG_COMPILER_GLOBAL_ACCENT_COLOR_NAME = AccentColor;
				CODE_SIGN_STYLE = Automatic;
				DEVELOPMENT_TEAM = 2M2R7BT23K;
				INFOPLIST_FILE = "Stock Note/Info.plist";
				LD_RUNPATH_SEARCH_PATHS = (
					"$(inherited)",
					"@executable_path/Frameworks",
				);
				PRODUCT_BUNDLE_IDENTIFIER = "com.arkindus.Stock-Note";
				PRODUCT_NAME = "$(TARGET_NAME)";
				SWIFT_VERSION = 5.0;
				TARGETED_DEVICE_FAMILY = "1,2";
			};
			name = Debug;
		};
		BC8D387D25306AFB001FC4C8 /* Release */ = {
			isa = XCBuildConfiguration;
			baseConfigurationReference = 6788DF8DF133D50CF7EA2A23 /* Pods-Stock Note.release.xcconfig */;
			buildSettings = {
				ASSETCATALOG_COMPILER_APPICON_NAME = AppIcon;
				ASSETCATALOG_COMPILER_GLOBAL_ACCENT_COLOR_NAME = AccentColor;
				CODE_SIGN_STYLE = Automatic;
				DEVELOPMENT_TEAM = 2M2R7BT23K;
				INFOPLIST_FILE = "Stock Note/Info.plist";
				LD_RUNPATH_SEARCH_PATHS = (
					"$(inherited)",
					"@executable_path/Frameworks",
				);
				PRODUCT_BUNDLE_IDENTIFIER = "com.arkindus.Stock-Note";
				PRODUCT_NAME = "$(TARGET_NAME)";
				SWIFT_VERSION = 5.0;
				TARGETED_DEVICE_FAMILY = "1,2";
			};
			name = Release;
		};
/* End XCBuildConfiguration section */

/* Begin XCConfigurationList section */
		BC8D386225306AF8001FC4C8 /* Build configuration list for PBXProject "Stock Note" */ = {
			isa = XCConfigurationList;
			buildConfigurations = (
				BC8D387925306AFB001FC4C8 /* Debug */,
				BC8D387A25306AFB001FC4C8 /* Release */,
			);
			defaultConfigurationIsVisible = 0;
			defaultConfigurationName = Release;
		};
		BC8D387B25306AFB001FC4C8 /* Build configuration list for PBXNativeTarget "Stock Note" */ = {
			isa = XCConfigurationList;
			buildConfigurations = (
				BC8D387C25306AFB001FC4C8 /* Debug */,
				BC8D387D25306AFB001FC4C8 /* Release */,
			);
			defaultConfigurationIsVisible = 0;
			defaultConfigurationName = Release;
		};
/* End XCConfigurationList section */
	};
	rootObject = BC8D385F25306AF8001FC4C8 /* Project object */;
}
